{
  "name": "web-arch-lib",
  "version": "0.0.1",
  "lockfileVersion": 1,
  "requires": true,
  "dependencies": {
    "web-arch-data": {
      "version": "0.0.1",
      "resolved": "https://registry.npmjs.org/web-arch-data/-/web-arch-data-0.0.1.tgz",
      "integrity": "sha512-A2G7hYe5TMlsFht+kVwmVQP7yrjHs5yzRhUG/OSRqk0NuOTTvUydEOwCpFQdDSwUX2eBP5Xeye966Ubw7yerIQ=="
    },
    "web-arch-lifecycle": {
      "version": "0.0.1",
      "resolved": "https://registry.npmjs.org/web-arch-lifecycle/-/web-arch-lifecycle-0.0.1.tgz",
      "integrity": "sha512-/ZtQEBTFWSzpbZ52VKuHq4c9NeGBxviYpjqAQ5lyqGRSLLhK/+UkE/ddjlzOSEGXQ5RRf9McwKZUiSWmPiNaSg=="
    }
  }
}
